
Microsoft Visual Studio Solution File, Format Version 12.00
# Visual Studio Version 16
VisualStudioVersion = 25.0.1706.6
MinimumVisualStudioVersion = 10.0.40219.1
Project("{FAE04EC0-301F-11D3-BF4B-00C04F79EFBC}") = "ProEventos.API", "ProEventos.API.csproj", "{71B1659F-F83A-4183-A141-1B76EDCBF980}"
EndProject
Global
	GlobalSection(SolutionConfigurationPlatforms) = preSolution
		Debug|Any CPU = Debug|Any CPU
		Release|Any CPU = Release|Any CPU
	EndGlobalSection
	GlobalSection(ProjectConfigurationPlatforms) = postSolution
		{71B1659F-F83A-4183-A141-1B76EDCBF980}.Debug|Any CPU.ActiveCfg = Debug|Any CPU
		{71B1659F-F83A-4183-A141-1B76EDCBF980}.Debug|Any CPU.Build.0 = Debug|Any CPU
		{71B1659F-F83A-4183-A141-1B76EDCBF980}.Release|Any CPU.ActiveCfg = Release|Any CPU
		{71B1659F-F83A-4183-A141-1B76EDCBF980}.Release|Any CPU.Build.0 = Release|Any CPU
	EndGlobalSection
	GlobalSection(SolutionProperties) = preSolution
		HideSolutionNode = FALSE
	EndGlobalSection
	GlobalSection(ExtensibilityGlobals) = postSolution
		SolutionGuid = {B46B4761-BBF8-49E9-8C0D-7ED3C565D667}
	EndGlobalSection
EndGlobal
